{
  "requires": true,
  "lockfileVersion": 1,
  "dependencies": {
    "hexo-search": {
      "version": "1.0.4",
      "resolved": "https://registry.npmjs.org/hexo-search/-/hexo-search-1.0.4.tgz",
      "integrity": "sha1-UTuidBKr8qAwdM336NKlHJvLd7U=",
      "requires": {
        "utils-merge": "1.0.1"
      }
    },
    "utils-merge": {
      "version": "1.0.1",
      "resolved": "https://registry.npmjs.org/utils-merge/-/utils-merge-1.0.1.tgz",
      "integrity": "sha1-n5VxD1CiZ5R7LMwSR0HBAoQn5xM="
    }
  }
}
